# Generated by conda-lock.
# platform: linux-64
# input_hash: d02426132fe471d27b241344081386776127204b2f0e1ecde5628103cad246c4
@EXPLICIT
https://conda.anaconda.org/conda-forge/linux-64/libopentelemetry-cpp-headers-1.25.0-ha770c72_0.conda#e3bee78ab4579d619e5d63ac930b0cc6
https://conda.anaconda.org/conda-forge/linux-64/nlohmann_json-3.12.0-h54a6638_1.conda#16c2a0e9c4a166e53632cfca4f68d020
https://conda.anaconda.org/conda-forge/noarch/python_abi-3.14-8_cp314t.conda#3251796e09870c978e0f69fa05e38fb6
https://conda.anaconda.org/conda-forge/noarch/tzdata-2025c-hc9c84f9_1.conda#ad659d0a2b3e47e38d829aa8cad2d610
https://conda.anaconda.org/conda-forge/noarch/ca-certificates-2026.2.25-hbd8a1cb_0.conda#4492fd26db29495f0ba23f146cd5638d
https://conda.anaconda.org/conda-forge/linux-64/libgomp-15.2.0-he0feb66_18.conda#239c5e9546c38a1e884d69effcf4c882
https://conda.anaconda.org/conda-forge/linux-64/_openmp_mutex-4.5-20_gnu.conda#a9f577daf3de00bca7c3c76c0ecbd1de
https://conda.anaconda.org/conda-forge/linux-64/libgcc-15.2.0-he0feb66_18.conda#0aa00f03f9e39fb9876085dee11a85d4
https://conda.anaconda.org/conda-forge/linux-64/aws-c-common-0.12.6-hb03c661_0.conda#e36ad70a7e0b48f091ed6902f04c23b8
https://conda.anaconda.org/conda-forge/linux-64/bzip2-1.0.8-hda65f42_9.conda#d2ffd7602c02f2b316fd921d39876885
https://conda.anaconda.org/conda-forge/linux-64/c-ares-1.34.6-hb03c661_0.conda#920bb03579f15389b9e512095ad995b7
https://conda.anaconda.org/conda-forge/linux-64/keyutils-1.6.3-hb9d3cd8_0.conda#b38117a3c920364aff79f870c984b4a3
https://conda.anaconda.org/conda-forge/linux-64/libbrotlicommon-1.2.0-hb03c661_1.conda#72c8fd1af66bd67bf580645b426513ed
https://conda.anaconda.org/conda-forge/linux-64/libdeflate-1.25-h17f619e_0.conda#6c77a605a7a689d17d4819c0f8ac9a00
https://conda.anaconda.org/conda-forge/linux-64/libexpat-2.7.4-hecca717_0.conda#e7f7ce06ec24cfcfb9e36d28cf82ba57
https://conda.anaconda.org/conda-forge/linux-64/libffi-3.5.2-h3435931_0.conda#a360c33a5abe61c07959e449fa1453eb
https://conda.anaconda.org/conda-forge/linux-64/libgcc-ng-15.2.0-h69a702a_18.conda#d5e96b1ed75ca01906b3d2469b4ce493
https://conda.anaconda.org/conda-forge/linux-64/libgfortran5-15.2.0-h68bc16d_18.conda#646855f357199a12f02a87382d429b75
https://conda.anaconda.org/conda-forge/linux-64/libiconv-1.18-h3b78370_2.conda#915f5995e94f60e9a4826e0b0920ee88
https://conda.anaconda.org/conda-forge/linux-64/libjpeg-turbo-3.1.2-hb03c661_0.conda#8397539e3a0bbd1695584fb4f927485a
https://conda.anaconda.org/conda-forge/linux-64/liblzma-5.8.2-hb03c661_0.conda#c7c83eecbb72d88b940c249af56c8b17
https://conda.anaconda.org/conda-forge/linux-64/libmpdec-4.0.0-hb03c661_1.conda#2c21e66f50753a083cbe6b80f38268fa
https://conda.anaconda.org/conda-forge/linux-64/libstdcxx-15.2.0-h934c35e_18.conda#1b08cd684f34175e4514474793d44bcb
https://conda.anaconda.org/conda-forge/linux-64/libutf8proc-2.11.3-hfe17d71_0.conda#1247168fe4a0b8912e3336bccdbf98a5
https://conda.anaconda.org/conda-forge/linux-64/libuuid-2.41.3-h5347b49_0.conda#db409b7c1720428638e7c0d509d3e1b5
https://conda.anaconda.org/conda-forge/linux-64/libwebp-base-1.6.0-hd42ef1d_0.conda#aea31d2e5b1091feca96fcfe945c3cf9
https://conda.anaconda.org/conda-forge/linux-64/libzlib-1.3.1-hb9d3cd8_2.conda#edb0dca6bc32e4f4789199455a1dbeb8
https://conda.anaconda.org/conda-forge/linux-64/ncurses-6.5-h2d0b736_3.conda#47e340acb35de30501a76c7c799c41d7
https://conda.anaconda.org/conda-forge/linux-64/openssl-3.6.1-h35e630c_1.conda#f61eb8cd60ff9057122a3d338b99c00f
https://conda.anaconda.org/conda-forge/linux-64/pthread-stubs-0.4-hb9d3cd8_1002.conda#b3c17d95b5a10c6e64a21fa17573e70e
https://conda.anaconda.org/conda-forge/linux-64/xorg-libxau-1.0.12-hb03c661_1.conda#b2895afaf55bf96a8c8282a2e47a5de0
https://conda.anaconda.org/conda-forge/linux-64/xorg-libxdmcp-1.1.5-hb03c661_1.conda#1dafce8548e38671bea82e3f5c6ce22f
https://conda.anaconda.org/conda-forge/linux-64/yaml-0.2.5-h280c20c_3.conda#a77f85f77be52ff59391544bfe73390a
https://conda.anaconda.org/conda-forge/linux-64/aws-c-cal-0.9.13-h2c9d079_1.conda#3c3d02681058c3d206b562b2e3bc337f
https://conda.anaconda.org/conda-forge/linux-64/aws-c-compression-0.3.2-h8b1a151_0.conda#f16f498641c9e05b645fe65902df661a
https://conda.anaconda.org/conda-forge/linux-64/aws-c-sdkutils-0.2.4-h8b1a151_4.conda#c7e3e08b7b1b285524ab9d74162ce40b
https://conda.anaconda.org/conda-forge/linux-64/aws-checksums-0.2.10-h8b1a151_0.conda#f8e1bcc5c7d839c5882e94498791be08
https://conda.anaconda.org/conda-forge/linux-64/gflags-2.2.2-h5888daf_1005.conda#d411fc29e338efb48c5fd4576d71d881
https://conda.anaconda.org/conda-forge/linux-64/icu-78.3-h33c6efd_0.conda#c80d8a3b84358cb967fa81e7075fbc8a
https://conda.anaconda.org/conda-forge/linux-64/lerc-4.1.0-hdb68285_0.conda#a752488c68f2e7c456bcbd8f16eec275
https://conda.anaconda.org/conda-forge/linux-64/libabseil-20260107.1-cxx17_h7b12aa8_0.conda#6f7b4302263347698fd24565fbf11310
https://conda.anaconda.org/conda-forge/linux-64/libbrotlidec-1.2.0-hb03c661_1.conda#366b40a69f0ad6072561c1d09301c886
https://conda.anaconda.org/conda-forge/linux-64/libbrotlienc-1.2.0-hb03c661_1.conda#4ffbb341c8b616aa2494b6afb26a0c5f
https://conda.anaconda.org/conda-forge/linux-64/libedit-3.1.20250104-pl5321h7949ede_0.conda#c277e0a4d549b03ac1e9d6cbbe3d017b
https://conda.anaconda.org/conda-forge/linux-64/libev-4.33-hd590300_2.conda#172bf1cd1ff8629f2b1179945ed45055
https://conda.anaconda.org/conda-forge/linux-64/libevent-2.1.12-hf998b51_1.conda#a1cfcc585f0c42bf8d5546bb1dfb668d
https://conda.anaconda.org/conda-forge/linux-64/libgfortran-15.2.0-h69a702a_18.conda#9063115da5bc35fdc3e1002e69b9ef6e
https://conda.anaconda.org/conda-forge/linux-64/libpng-1.6.55-h421ea60_0.conda#5f13ffc7d30ffec87864e678df9957b4
https://conda.anaconda.org/conda-forge/linux-64/libssh2-1.11.1-hcf80075_0.conda#eecce068c7e4eddeb169591baac20ac4
https://conda.anaconda.org/conda-forge/linux-64/libstdcxx-ng-15.2.0-hdf11a46_18.conda#6235adb93d064ecdf3d44faee6f468de
https://conda.anaconda.org/conda-forge/linux-64/libxcb-1.17.0-h8a09558_0.conda#92ed62436b625154323d40d5f2f11dd7
https://conda.anaconda.org/conda-forge/linux-64/lz4-c-1.10.0-h5888daf_1.conda#9de5350a85c4a20c685259b889aa6393
https://conda.anaconda.org/conda-forge/linux-64/readline-8.3-h853b02a_0.conda#d7d95fc8287ea7bf33e0e7116d2b95ec
https://conda.anaconda.org/conda-forge/linux-64/s2n-1.7.1-h1cbb8d7_1.conda#9d978822b57bafe72ebd3f8b527bba71
https://conda.anaconda.org/conda-forge/linux-64/snappy-1.2.2-h03e3b7b_1.conda#98b6c9dc80eb87b2519b97bcf7e578dd
https://conda.anaconda.org/conda-forge/linux-64/tk-8.6.13-noxft_h366c992_103.conda#cffd3bdd58090148f4cfcd831f4b26ab
https://conda.anaconda.org/conda-forge/linux-64/zlib-1.3.1-hb9d3cd8_2.conda#c9f075ab2f33b3bbee9e62d4ad0a6cd8
https://conda.anaconda.org/conda-forge/linux-64/zlib-ng-2.3.3-hceb46e0_1.conda#2aadb0d17215603a82a2a6b0afd9a4cb
https://conda.anaconda.org/conda-forge/linux-64/zstd-1.5.7-hb78ec9c_6.conda#4a13eeac0b5c8e5b8ab496e6c4ddd829
https://conda.anaconda.org/conda-forge/linux-64/aws-c-io-0.26.1-hc87160b_2.conda#3a7d90d34895728f0b69107602b6e189
https://conda.anaconda.org/conda-forge/linux-64/glog-0.7.1-hbabe93e_0.conda#ff862eebdfeb2fd048ae9dc92510baca
https://conda.anaconda.org/conda-forge/linux-64/krb5-1.22.2-ha1258a1_0.conda#fb53fb07ce46a575c5d004bbc96032c2
https://conda.anaconda.org/conda-forge/linux-64/ld_impl_linux-64-2.45.1-default_hbd61a6d_101.conda#12bd9a3f089ee6c9266a37dab82afabd
https://conda.anaconda.org/conda-forge/linux-64/libcrc32c-1.1.2-h9c3ff4c_0.tar.bz2#c965a5aa0d5c1c37ffc62dff36e28400
https://conda.anaconda.org/conda-forge/linux-64/libfreetype6-2.14.2-h73754d4_0.conda#8eaba3d1a4d7525c6814e861614457fd
https://conda.anaconda.org/conda-forge/linux-64/libnghttp2-1.68.1-h877daf1_0.conda#2a45e7f8af083626f009645a6481f12d
https://conda.anaconda.org/conda-forge/linux-64/libopenblas-0.3.30-pthreads_h94d23a6_4.conda#be43915efc66345cccb3c310b6ed0374
https://conda.anaconda.org/conda-forge/linux-64/libprotobuf-6.33.5-h2b00c02_0.conda#11ac478fa72cf12c214199b8a96523f4
https://conda.anaconda.org/conda-forge/linux-64/libre2-11-2025.11.05-h0dc7533_1.conda#ced7f10b6cfb4389385556f47c0ad949
https://conda.anaconda.org/conda-forge/linux-64/libsqlite-3.52.0-hf4e2dac_0.conda#fd893f6a3002a635b5e50ceb9dd2c0f4
https://conda.anaconda.org/conda-forge/linux-64/libthrift-0.22.0-h454ac66_1.conda#8ed82d90e6b1686f5e98f8b7825a15ef
https://conda.anaconda.org/conda-forge/linux-64/libtiff-4.7.1-h9d88235_1.conda#cd5a90476766d53e901500df9215e927
https://conda.anaconda.org/conda-forge/linux-64/libxml2-16-2.15.2-hca6bf5a_0.conda#f3bc152cb4f86babe30f3a4bf0dbef69
https://conda.anaconda.org/conda-forge/linux-64/aws-c-event-stream-0.6.0-h841be55_0.conda#d45136de07e991786e04716c3f70b036
https://conda.anaconda.org/conda-forge/linux-64/aws-c-http-0.10.11-hf621c6d_0.conda#caf217f88155d551b4a586f2da37941a
https://conda.anaconda.org/conda-forge/linux-64/lcms2-2.18-h0c24ade_0.conda#6f2e2c8f58160147c4d1c6f4c14cbac4
https://conda.anaconda.org/conda-forge/linux-64/libblas-3.11.0-5_h4a7cf45_openblas.conda#c160954f7418d7b6e87eaf05a8913fa9
https://conda.anaconda.org/conda-forge/linux-64/libcurl-8.19.0-hcf29cc6_0.conda#d50608c443a30c341c24277d28290f76
https://conda.anaconda.org/conda-forge/linux-64/libfreetype-2.14.2-ha770c72_0.conda#26c746d14402a3b6c684d045b23b9437
https://conda.anaconda.org/conda-forge/linux-64/libxml2-2.15.2-he237659_0.conda#e49238a1609f9a4a844b09d9926f2c3d
https://conda.anaconda.org/conda-forge/linux-64/openjpeg-2.5.4-h55fea9a_0.conda#11b3379b191f63139e29c0d19dee24cd
https://conda.anaconda.org/conda-forge/linux-64/orc-2.3.0-h21090e2_0.conda#8027fce94fdfdf2e54f9d18cbae496df
https://conda.anaconda.org/conda-forge/linux-64/python-3.14.3-he1279bd_1_cp314t.conda#19b5d632d02f56f9f95ce07dc1e086b5
https://conda.anaconda.org/conda-forge/linux-64/re2-2025.11.05-h5301d42_1.conda#66a715bc01c77d43aca1f9fcb13dde3c
https://conda.anaconda.org/conda-forge/linux-64/aws-c-auth-0.10.1-h536185d_1.conda#bc645a385e91cd3d9235174fcbd17e25
https://conda.anaconda.org/conda-forge/linux-64/aws-c-mqtt-0.15.0-hac84f0a_1.conda#9cf66b4abc53e47857afbee27364102b
https://conda.anaconda.org/conda-forge/linux-64/azure-core-cpp-1.16.2-h206d751_0.conda#5492abf806c45298ae642831c670bba0
https://conda.anaconda.org/conda-forge/noarch/backports.zstd-1.3.0-py314h680f03e_0.conda#a2ac7763a9ac75055b68f325d3255265
https://conda.anaconda.org/conda-forge/linux-64/brotli-python-1.2.0-py314he299d4b_1.conda#5d2f42dd83e7886a7351a89c62855df4
https://conda.anaconda.org/conda-forge/noarch/certifi-2026.2.25-pyhd8ed1ab_0.conda#765c4d97e877cdbbb88ff33152b86125
https://conda.anaconda.org/conda-forge/noarch/cfgv-3.5.0-pyhd8ed1ab_0.conda#381bd45fb7aa032691f3063aff47e3a1
https://conda.anaconda.org/conda-forge/noarch/charset-normalizer-3.4.6-pyhd8ed1ab_0.conda#49ee13eb9b8f44d63879c69b8a40a74b
https://conda.anaconda.org/conda-forge/noarch/click-8.3.1-pyh8f84b5b_1.conda#ea8a6c3256897cc31263de9f455e25d9
https://conda.anaconda.org/conda-forge/noarch/cloudpickle-3.1.2-pyhcf101f3_1.conda#61b8078a0905b12529abc622406cb62c
https://conda.anaconda.org/conda-forge/noarch/colorama-0.4.6-pyhd8ed1ab_1.conda#962b9857ee8e7018c22f2776ffa0b2d7
https://conda.anaconda.org/conda-forge/linux-64/cython-3.2.4-py314h3f98dc2_0.conda#cc2fcbfdf0628b5ad05b319866187bbc
https://conda.anaconda.org/conda-forge/noarch/distlib-0.4.0-pyhd8ed1ab_0.conda#003b8ba0a94e2f1e117d0bd46aebc901
https://conda.anaconda.org/conda-forge/noarch/filelock-3.25.2-pyhd8ed1ab_0.conda#f58064cec97b12a7136ebb8a6f8a129b
https://conda.anaconda.org/conda-forge/noarch/fsspec-2026.2.0-pyhd8ed1ab_0.conda#496c6c9411a6284addf55c898d6ed8d7
https://conda.anaconda.org/conda-forge/noarch/hpack-4.1.0-pyhd8ed1ab_0.conda#0a802cb9888dd14eeefc611f05c40b6e
https://conda.anaconda.org/conda-forge/noarch/hyperframe-6.1.0-pyhd8ed1ab_0.conda#8e6923fc12f1fe8f8c4e5c9f343256ac
https://conda.anaconda.org/conda-forge/noarch/identify-1.2.2-py_0.tar.bz2#4b64d3379406ae93336bbc6ea9f5128a
https://conda.anaconda.org/conda-forge/noarch/idna-3.11-pyhd8ed1ab_0.conda#53abe63df7e10a6ba605dc5f9f961d36
https://conda.anaconda.org/conda-forge/noarch/iniconfig-2.3.0-pyhd8ed1ab_0.conda#9614359868482abba1bd15ce465e3c42
https://conda.anaconda.org/conda-forge/linux-64/libcblas-3.11.0-5_h0358290_openblas.conda#6636a2b6f1a87572df2970d3ebc87cc0
https://conda.anaconda.org/conda-forge/linux-64/libgrpc-1.78.1-h1d1128b_0.conda#b5fb6d6c83f63d83ef2721dca6ff7091
https://conda.anaconda.org/conda-forge/linux-64/liblapack-3.11.0-5_h47877c9_openblas.conda#b38076eb5c8e40d0106beda6f95d7609
https://conda.anaconda.org/conda-forge/noarch/locket-1.0.0-pyhd8ed1ab_0.tar.bz2#91e27ef3d05cc772ce627e51cff111c4
https://conda.anaconda.org/conda-forge/linux-64/lz4-4.4.5-py314hdaf75e5_1.conda#5483ba8723f0354403a69702ea346347
https://conda.anaconda.org/conda-forge/noarch/markupsafe-3.0.3-pyh7db6752_1.conda#10eb521188e6a175f4c5544b0f9fc7e3
https://conda.anaconda.org/conda-forge/linux-64/msgpack-python-1.1.2-py314h3ba012d_1.conda#2197be02a02e899b81c0cca24d7fd8c0
https://conda.anaconda.org/conda-forge/noarch/narwhals-2.18.0-pyhcf101f3_0.conda#bc317f07dd82e410012684d2e3a9c06d
https://conda.anaconda.org/conda-forge/noarch/packaging-26.0-pyhcf101f3_0.conda#b76541e68fea4d511b1ac46a28dcd2c6
https://conda.anaconda.org/conda-forge/linux-64/pillow-12.1.1-py314hb319bf9_0.conda#10cc7b6654b92fd06b67d54ca7f962be
https://conda.anaconda.org/conda-forge/noarch/pip-26.0.1-pyh145f28c_0.conda#09a970fbf75e8ed1aa633827ded6aa4f
https://conda.anaconda.org/conda-forge/noarch/platformdirs-4.9.4-pyhcf101f3_0.conda#82c1787f2a65c0155ef9652466ee98d6
https://conda.anaconda.org/conda-forge/noarch/pluggy-1.6.0-pyhf9edf01_1.conda#d7585b6550ad04c8c5e21097ada2888e
https://conda.anaconda.org/conda-forge/linux-64/prometheus-cpp-1.3.0-ha5d0236_0.conda#a83f6a2fdc079e643237887a37460668
https://conda.anaconda.org/conda-forge/linux-64/psutil-7.2.2-py314h3f2afee_0.conda#d71965c9f50c361ead9696f14c3af653
https://conda.anaconda.org/conda-forge/noarch/pygments-2.19.2-pyhd8ed1ab_0.conda#6b6ece66ebcae2d5f326c77ef2c5a066
https://conda.anaconda.org/conda-forge/noarch/pysocks-1.7.1-pyha55dd90_7.conda#461219d1a5bd61342293efa2c0c90eac
https://conda.anaconda.org/conda-forge/noarch/pyyaml-6.0.3-pyh7db6752_1.conda#1fd14e3bb9bd8dac4caa30da123b8a93
https://conda.anaconda.org/conda-forge/noarch/setuptools-82.0.1-pyh332efcf_0.conda#8e194e7b992f99a5015edbd4ebd38efd
https://conda.anaconda.org/conda-forge/noarch/six-1.17.0-pyhe01879c_1.conda#3339e3b65d58accf4ca4fb8748ab16b3
https://conda.anaconda.org/conda-forge/noarch/sortedcontainers-2.4.0-pyhd8ed1ab_1.conda#0401a17ae845fa72c7210e206ec5647d
https://conda.anaconda.org/conda-forge/noarch/tblib-3.2.2-pyhcf101f3_0.conda#f88bb644823094f436792f80fba3207e
https://conda.anaconda.org/conda-forge/noarch/tomli-2.4.0-pyhcf101f3_0.conda#72e780e9aa2d0a3295f59b1874e3768b
https://conda.anaconda.org/conda-forge/noarch/toolz-1.1.0-pyhd8ed1ab_1.conda#c07a6153f8306e45794774cf9b13bd32
https://conda.anaconda.org/conda-forge/linux-64/tornado-6.5.3-py314h56549f7_0.conda#c1f0b8d3f0ee54e73e374ca8d5ffd785
https://conda.anaconda.org/conda-forge/noarch/typing_extensions-4.15.0-pyhcf101f3_0.conda#0caa1af407ecff61170c9437a808404d
https://conda.anaconda.org/conda-forge/noarch/xyzservices-2025.11.0-pyhd8ed1ab_0.conda#16933322051fa260285f1a44aae91dd6
https://conda.anaconda.org/conda-forge/noarch/zict-3.0.0-pyhd8ed1ab_1.conda#e52c2ef711ccf31bb7f70ca87d144b9e
https://conda.anaconda.org/conda-forge/noarch/zipp-3.23.0-pyhcf101f3_1.conda#30cd29cb87d819caead4d55184c1d115
https://conda.anaconda.org/conda-forge/linux-64/aws-c-s3-0.11.5-h37c9286_4.conda#e9c44a6e46de739827d2eae25ed2ee32
https://conda.anaconda.org/conda-forge/linux-64/azure-identity-cpp-1.13.3-hed0cdb0_1.conda#68bfb556bdf56d56e9f38da696e752ca
https://conda.anaconda.org/conda-forge/linux-64/azure-storage-common-cpp-12.12.0-ha7a2c86_1.conda#6400f73fe5ebe19fe7aca3616f1f1de7
https://conda.anaconda.org/conda-forge/noarch/coverage-7.13.5-pyh7db6752_0.conda#978cd9857e41efb89cc0549218f0fe0d
https://conda.anaconda.org/conda-forge/linux-64/cytoolz-1.1.0-py314h56549f7_2.conda#d7ac00194ebb66af597c6b98adb0cf5e
https://conda.anaconda.org/conda-forge/noarch/exceptiongroup-1.3.1-pyhd8ed1ab_0.conda#8e662bd460bda79b1ea39194e3c4c9ab
https://conda.anaconda.org/conda-forge/noarch/h2-4.3.0-pyhcf101f3_0.conda#164fc43f0b53b6e3a7bc7dce5e4f1dc9
https://conda.anaconda.org/conda-forge/noarch/importlib-metadata-8.8.0-pyhcf101f3_0.conda#080594bf4493e6bae2607e65390c520a
https://conda.anaconda.org/conda-forge/noarch/jinja2-3.1.6-pyhcf101f3_1.conda#04558c96691bed63104678757beb4f8d
https://conda.anaconda.org/conda-forge/linux-64/libopentelemetry-cpp-1.25.0-h9692893_0.conda#6e288721c7680706d340b8810fb8aa73
https://conda.anaconda.org/conda-forge/noarch/nodeenv-1.10.0-pyhd8ed1ab_0.conda#eb52d14a901e23c39e9e7b4a1a5c015f
https://conda.anaconda.org/conda-forge/linux-64/numpy-2.4.3-py314hd4f4903_0.conda#ee2b2bb9e96a9cd64d68492842559adf
https://conda.anaconda.org/conda-forge/noarch/partd-1.4.2-pyhd8ed1ab_0.conda#0badf9c54e24cecfb0ad2f99d680c163
https://conda.anaconda.org/conda-forge/noarch/python-dateutil-2.9.0.post0-pyhe01879c_2.conda#5b8d21249ff20967101ffa321cab24e8
https://conda.anaconda.org/conda-forge/noarch/python-discovery-1.2.0-pyhcf101f3_0.conda#c178102b6e9a0ef95e70610fe7f00af3
https://conda.anaconda.org/conda-forge/noarch/typing-extensions-4.15.0-h396c80c_0.conda#edd329d7d3a4ab45dcf905899a7a6115
https://conda.anaconda.org/conda-forge/linux-64/aws-crt-cpp-0.37.4-haf8ea0b_2.conda#6f531ae41a8ac7c69c85130d16585d61
https://conda.anaconda.org/conda-forge/linux-64/azure-storage-blobs-cpp-12.16.0-hdd73cc9_1.conda#939d9ce324e51961c7c4c0046733dbb7
https://conda.anaconda.org/conda-forge/linux-64/contourpy-1.3.3-py314h6350fae_4.conda#3825a054cb2ab2961f966d7e3cc630f3
https://conda.anaconda.org/conda-forge/noarch/dask-core-2026.3.0-pyhc364b38_0.conda#809f4cde7c853f437becc43415a2ecdf
https://conda.anaconda.org/conda-forge/linux-64/libgoogle-cloud-3.3.0-hf874c39_0.conda#2971a8c35f815ee9c9f94b984e105a5f
https://conda.anaconda.org/conda-forge/linux-64/pandas-3.0.1-py314hd70f1f7_0.conda#b21acc350c10bd78a403577ea5bc9a5a
https://conda.anaconda.org/conda-forge/noarch/pytest-9.0.2-pyhcf101f3_0.conda#2b694bad8a50dc2f712f5368de866480
https://conda.anaconda.org/conda-forge/noarch/setuptools-scm-9.2.2-pyhd8ed1ab_0.conda#e2e4d7094d0580ccd62e2a41947444f3
https://conda.anaconda.org/conda-forge/noarch/urllib3-2.6.3-pyhd8ed1ab_0.conda#9272daa869e03efe68833e3dc7a02130
https://conda.anaconda.org/conda-forge/noarch/virtualenv-21.2.0-pyhcf101f3_0.conda#704c22301912f7e37d0a92b2e7d5942d
https://conda.anaconda.org/conda-forge/linux-64/aws-sdk-cpp-1.11.747-hc3785e1_3.conda#cfffedbfd03d5a6bb74157c14b6f0cdf
https://conda.anaconda.org/conda-forge/linux-64/azure-storage-files-datalake-cpp-12.14.0-h52c5a47_1.conda#6d10339800840562b7dad7775f5d2c16
https://conda.anaconda.org/conda-forge/noarch/bokeh-3.9.0-pyhd8ed1ab_0.conda#b9a6da57e94cd12bd71e7ab0713ef052
https://conda.anaconda.org/conda-forge/noarch/distributed-2026.3.0-pyhc364b38_0.conda#8efb90a27e3b948514a428cb99f3fc70
https://conda.anaconda.org/conda-forge/linux-64/libgoogle-cloud-storage-3.3.0-hdbdcf42_0.conda#3bc1037cb106d5d0989bbcec345e452d
https://conda.anaconda.org/conda-forge/noarch/pre-commit-4.5.1-pyha770c72_0.conda#7f3ac694319c7eaf81a0325d6405e974
https://conda.anaconda.org/conda-forge/noarch/pytest-cov-7.0.0-pyhcf101f3_1.conda#6891acad5e136cb62a8c2ed2679d6528
https://conda.anaconda.org/conda-forge/noarch/requests-2.32.5-pyhcf101f3_1.conda#c65df89a0b2e321045a9e01d1337b182
https://conda.anaconda.org/conda-forge/noarch/codecov-2.1.13-pyhd8ed1ab_1.conda#d924fe46139596ebc3d4d424ec39ed51
https://conda.anaconda.org/conda-forge/linux-64/libarrow-23.0.1-h8d0bc35_8_cpu.conda#414db639a47b85f4a70cfdbeddb5e679
https://conda.anaconda.org/conda-forge/linux-64/libarrow-compute-23.0.1-h53684a4_8_cpu.conda#e793e498a095252b559f057898531e0d
https://conda.anaconda.org/conda-forge/linux-64/libparquet-23.0.1-h7376487_8_cpu.conda#67d59a87547099c03eda38ea498288d4
https://conda.anaconda.org/conda-forge/linux-64/libarrow-acero-23.0.1-h635bf11_8_cpu.conda#d47f777171e17d96319349f3ebe8b9ae
https://conda.anaconda.org/conda-forge/linux-64/pyarrow-core-23.0.1-py314h9de4539_0_cpu.conda#c01f4b7872d5bdc588e25656a65e24bb
https://conda.anaconda.org/conda-forge/linux-64/libarrow-dataset-23.0.1-h635bf11_8_cpu.conda#c4f7901c70b27325d5bcaf07365eaf01
https://conda.anaconda.org/conda-forge/linux-64/libarrow-substrait-23.0.1-hb4dd7c2_8_cpu.conda#172e8944ac280e17a32f82baf742b1d7
https://conda.anaconda.org/conda-forge/linux-64/pyarrow-23.0.1-py314h061e8c0_0.conda#b881d61d7dcfe42a1e0e94586ef12a21
https://conda.anaconda.org/conda-forge/noarch/dask-2026.3.0-pyhc364b38_0.conda#f9761ef056ba0ccef16e01cfceee62c2
