# Generated by conda-lock.
# platform: linux-64
# input_hash: efb36ba4ac87504b55d85c7f0340300fe9de50da8643890e480da2d3e4b62afa
@EXPLICIT
https://conda.anaconda.org/conda-forge/linux-64/_libgcc_mutex-0.1-conda_forge.tar.bz2#d7c89558ba9fa0495403155b64376d81
https://conda.anaconda.org/conda-forge/linux-64/ca-certificates-2024.6.2-hbcca054_0.conda#847c3c2905cc467cea52c24f9cfa8080
https://conda.anaconda.org/conda-forge/linux-64/ld_impl_linux-64-2.40-hf3520f5_4.conda#02d936b69ab683fc6755c236996f8b51
https://conda.anaconda.org/conda-forge/linux-64/python_abi-3.10-4_cp310.conda#26322ec5d7712c3ded99dd656142b8ce
https://conda.anaconda.org/conda-forge/noarch/tzdata-2024a-h0c530f3_0.conda#161081fc7cec0bfda0d86d7cb595f8d8
https://conda.anaconda.org/conda-forge/linux-64/libgomp-13.2.0-h77fa898_9.conda#0d0ad0fdee21442a479005ef5f3a02e8
https://conda.anaconda.org/conda-forge/linux-64/_openmp_mutex-4.5-2_gnu.tar.bz2#73aaf86a425cc6e73fcf236a5a46396d
https://conda.anaconda.org/conda-forge/linux-64/libgcc-ng-13.2.0-h77fa898_9.conda#f23bc130bc3d2bbd9d9d6892609546ea
https://conda.anaconda.org/conda-forge/linux-64/aws-c-common-0.9.19-h4ab18f5_0.conda#c6dedd5eab2236f4abb59ade9fb7fd44
https://conda.anaconda.org/conda-forge/linux-64/bzip2-1.0.8-hd590300_5.conda#69b8b6202a07720f448be700e300ccf4
https://conda.anaconda.org/conda-forge/linux-64/c-ares-1.28.1-hd590300_0.conda#dcde58ff9a1f30b0037a2315d1846d1f
https://conda.anaconda.org/conda-forge/linux-64/keyutils-1.6.1-h166bdaf_0.tar.bz2#30186d27e2c9fa62b45fb1476b7200e3
https://conda.anaconda.org/conda-forge/linux-64/libbrotlicommon-1.1.0-hd590300_1.conda#aec6c91c7371c26392a06708a73c70e5
https://conda.anaconda.org/conda-forge/linux-64/libdeflate-1.20-hd590300_0.conda#8e88f9389f1165d7c0936fe40d9a9a79
https://conda.anaconda.org/conda-forge/linux-64/libev-4.33-hd590300_2.conda#172bf1cd1ff8629f2b1179945ed45055
https://conda.anaconda.org/conda-forge/linux-64/libffi-3.4.2-h7f98852_5.tar.bz2#d645c6d2ac96843a2bfaccd2d62b3ac3
https://conda.anaconda.org/conda-forge/linux-64/libgfortran5-13.2.0-h3d2ce59_9.conda#2f2a59af95aed6024368b8dbaf9591d8
https://conda.anaconda.org/conda-forge/linux-64/libjpeg-turbo-3.0.0-hd590300_1.conda#ea25936bb4080d843790b586850f82b8
https://conda.anaconda.org/conda-forge/linux-64/libnsl-2.0.1-hd590300_0.conda#30fd6e37fe21f86f4bd26d6ee73eeec7
https://conda.anaconda.org/conda-forge/linux-64/libstdcxx-ng-13.2.0-hc0a3c3a_9.conda#2075df518ef9d09f1ae209c83116e808
https://conda.anaconda.org/conda-forge/linux-64/libutf8proc-2.8.0-h166bdaf_0.tar.bz2#ede4266dc02e875fe1ea77b25dd43747
https://conda.anaconda.org/conda-forge/linux-64/libuuid-2.38.1-h0b41bf4_0.conda#40b61aab5c7ba9ff276c41cfffe6b80b
https://conda.anaconda.org/conda-forge/linux-64/libwebp-base-1.4.0-hd590300_0.conda#b26e8aa824079e1be0294e7152ca4559
https://conda.anaconda.org/conda-forge/linux-64/libxcrypt-4.4.36-hd590300_1.conda#5aa797f8787fe7a17d1b0821485b5adc
https://conda.anaconda.org/conda-forge/linux-64/libzlib-1.3.1-h4ab18f5_1.conda#57d7dc60e9325e3de37ff8dffd18e814
https://conda.anaconda.org/conda-forge/linux-64/ncurses-6.5-h59595ed_0.conda#fcea371545eda051b6deafb24889fc69
https://conda.anaconda.org/conda-forge/linux-64/openssl-3.3.1-h4ab18f5_0.conda#a41fa0e391cc9e0d6b78ac69ca047a6c
https://conda.anaconda.org/conda-forge/linux-64/pthread-stubs-0.4-h36c2ea0_1001.tar.bz2#22dad4df6e8630e8dff2428f6f6a7036
https://conda.anaconda.org/conda-forge/linux-64/xorg-libxau-1.0.11-hd590300_0.conda#2c80dc38fface310c9bd81b17037fee5
https://conda.anaconda.org/conda-forge/linux-64/xorg-libxdmcp-1.1.3-h7f98852_0.tar.bz2#be93aabceefa2fac576e971aef407908
https://conda.anaconda.org/conda-forge/linux-64/xz-5.2.6-h166bdaf_0.tar.bz2#2161070d867d1b1204ea749c8eec4ef0
https://conda.anaconda.org/conda-forge/linux-64/yaml-0.2.5-h7f98852_2.tar.bz2#4cb3ad778ec2d5a7acbdf254eb1c42ae
https://conda.anaconda.org/conda-forge/linux-64/aws-c-cal-0.6.15-h88a6e22_0.conda#50eabf107100f8f929bc3246ea63fa08
https://conda.anaconda.org/conda-forge/linux-64/aws-c-compression-0.2.18-h83b837d_6.conda#3e572eacd0ce99a59e1bb9c260ad5b20
https://conda.anaconda.org/conda-forge/linux-64/aws-c-sdkutils-0.1.16-h83b837d_2.conda#f40c698b4ea90f7fedd187c6639c818b
https://conda.anaconda.org/conda-forge/linux-64/aws-checksums-0.1.18-h83b837d_6.conda#7995cb937bdac5913c8904fed6b3729d
https://conda.anaconda.org/conda-forge/linux-64/gflags-2.2.2-he1b5a44_1004.tar.bz2#cddaf2c63ea4a5901cf09524c490ecdc
https://conda.anaconda.org/conda-forge/linux-64/lerc-4.0.0-h27087fc_0.tar.bz2#76bbff344f0134279f225174e9064c8f
https://conda.anaconda.org/conda-forge/linux-64/libabseil-20240116.2-cxx17_h59595ed_0.conda#682bdbe046a68f749769b492f3625c5c
https://conda.anaconda.org/conda-forge/linux-64/libbrotlidec-1.1.0-hd590300_1.conda#f07002e225d7a60a694d42a7bf5ff53f
https://conda.anaconda.org/conda-forge/linux-64/libbrotlienc-1.1.0-hd590300_1.conda#5fc11c6020d421960607d821310fcd4d
https://conda.anaconda.org/conda-forge/linux-64/libcrc32c-1.1.2-h9c3ff4c_0.tar.bz2#c965a5aa0d5c1c37ffc62dff36e28400
https://conda.anaconda.org/conda-forge/linux-64/libedit-3.1.20191231-he28a2e2_2.tar.bz2#4d331e44109e3f0e19b4cb8f9b82f3e1
https://conda.anaconda.org/conda-forge/linux-64/libevent-2.1.12-hf998b51_1.conda#a1cfcc585f0c42bf8d5546bb1dfb668d
https://conda.anaconda.org/conda-forge/linux-64/libgfortran-ng-13.2.0-h69a702a_9.conda#90a8b0f4e0d4a333f54d0c33b882ee9a
https://conda.anaconda.org/conda-forge/linux-64/libnghttp2-1.58.0-h47da74e_1.conda#700ac6ea6d53d5510591c4344d5c989a
https://conda.anaconda.org/conda-forge/linux-64/libpng-1.6.43-h2797004_0.conda#009981dd9cfcaa4dbfa25ffaed86bcae
https://conda.anaconda.org/conda-forge/linux-64/libsqlite-3.46.0-hde9e2c9_0.conda#18aa975d2094c34aef978060ae7da7d8
https://conda.anaconda.org/conda-forge/linux-64/libssh2-1.11.0-h0841786_0.conda#1f5a58e686b13bcfde88b93f547d23fe
https://conda.anaconda.org/conda-forge/linux-64/libxcb-1.15-h0b41bf4_0.conda#33277193f5b92bad9fdd230eb700929c
https://conda.anaconda.org/conda-forge/linux-64/lz4-c-1.9.4-hcb278e6_0.conda#318b08df404f9c9be5712aaa5a6f0bb0
https://conda.anaconda.org/conda-forge/linux-64/readline-8.2-h8228510_1.conda#47d31b792659ce70f470b5c82fdfb7a4
https://conda.anaconda.org/conda-forge/linux-64/s2n-1.4.16-he19d79f_0.conda#de1cf82e46578faf7de8c23efe5d7be4
https://conda.anaconda.org/conda-forge/linux-64/snappy-1.2.0-hdb0a2a9_1.conda#843bbb8ace1d64ac50d64639ff38b014
https://conda.anaconda.org/conda-forge/linux-64/tk-8.6.13-noxft_h4845f30_101.conda#d453b98d9c83e71da0741bb0ff4d76bc
https://conda.anaconda.org/conda-forge/linux-64/zstd-1.5.6-ha6fb4c9_0.conda#4d056880988120e29d75bfff282e0f45
https://conda.anaconda.org/conda-forge/linux-64/aws-c-io-0.14.9-h2d549f9_2.conda#5a828631479163d88e419fd6841139c4
https://conda.anaconda.org/conda-forge/linux-64/freetype-2.12.1-h267a509_2.conda#9ae35c3d96db2c94ce0cef86efdfa2cb
https://conda.anaconda.org/conda-forge/linux-64/glog-0.7.1-hbabe93e_0.conda#ff862eebdfeb2fd048ae9dc92510baca
https://conda.anaconda.org/conda-forge/linux-64/krb5-1.21.2-h659d440_0.conda#cd95826dbd331ed1be26bdf401432844
https://conda.anaconda.org/conda-forge/linux-64/libopenblas-0.3.27-pthreads_h413a1c8_0.conda#a356024784da6dfd4683dc5ecf45b155
https://conda.anaconda.org/conda-forge/linux-64/libprotobuf-4.25.3-h08a7969_0.conda#6945825cebd2aeb16af4c69d97c32c13
https://conda.anaconda.org/conda-forge/linux-64/libre2-11-2023.09.01-h5a48ba9_2.conda#41c69fba59d495e8cf5ffda48a607e35
https://conda.anaconda.org/conda-forge/linux-64/libthrift-0.19.0-hb90f79a_1.conda#8cdb7d41faa0260875ba92414c487e2d
https://conda.anaconda.org/conda-forge/linux-64/libtiff-4.6.0-h1dd3fc0_3.conda#66f03896ffbe1a110ffda05c7a856504
https://conda.anaconda.org/conda-forge/linux-64/python-3.10.14-hd12c33a_0_cpython.conda#2b4ba962994e8bd4be9ff5b64b75aff2
https://conda.anaconda.org/conda-forge/linux-64/aws-c-event-stream-0.4.2-h0cbf018_13.conda#15351eccac4eda2b5fd38bbbdae78bdf
https://conda.anaconda.org/conda-forge/linux-64/aws-c-http-0.8.2-h360477d_2.conda#a820cb648906f7f30076c66dd46b1790
https://conda.anaconda.org/conda-forge/linux-64/brotli-python-1.1.0-py310hc6cd4ac_1.conda#1f95722c94f00b69af69a066c7433714
https://conda.anaconda.org/conda-forge/noarch/certifi-2024.6.2-pyhd8ed1ab_0.conda#8821ec1c8fcdc9e1d291d7b9f6e9968a
https://conda.anaconda.org/conda-forge/noarch/cfgv-3.3.1-pyhd8ed1ab_0.tar.bz2#ebb5f5f7dc4f1a3780ef7ea7738db08c
https://conda.anaconda.org/conda-forge/noarch/charset-normalizer-3.3.2-pyhd8ed1ab_0.conda#7f4a9e3fcff3f6356ae99244a014da6a
https://conda.anaconda.org/conda-forge/noarch/click-8.1.7-unix_pyh707e725_0.conda#f3ad426304898027fc619827ff428eca
https://conda.anaconda.org/conda-forge/noarch/cloudpickle-3.0.0-pyhd8ed1ab_0.conda#753d29fe41bb881e4b9c004f0abf973f
https://conda.anaconda.org/conda-forge/noarch/colorama-0.4.6-pyhd8ed1ab_0.tar.bz2#3faab06a954c2a04039983f2c4a50d99
https://conda.anaconda.org/conda-forge/linux-64/cython-3.0.10-py310hc6cd4ac_0.conda#bd1d71ee240be36f1d85c86177d6964f
https://conda.anaconda.org/conda-forge/noarch/distlib-0.3.8-pyhd8ed1ab_0.conda#db16c66b759a64dc5183d69cc3745a52
https://conda.anaconda.org/conda-forge/noarch/exceptiongroup-1.2.0-pyhd8ed1ab_2.conda#8d652ea2ee8eaee02ed8dc820bc794aa
https://conda.anaconda.org/conda-forge/noarch/filelock-3.15.1-pyhd8ed1ab_0.conda#ca4149866d80007713ff47906bba8cb3
https://conda.anaconda.org/conda-forge/noarch/fsspec-2024.6.0-pyhff2d567_0.conda#ad6af3f92e71b1579ac2362b6cf29105
https://conda.anaconda.org/conda-forge/noarch/idna-3.7-pyhd8ed1ab_0.conda#c0cc1420498b17414d8617d0b9f506ca
https://conda.anaconda.org/conda-forge/noarch/iniconfig-2.0.0-pyhd8ed1ab_0.conda#f800d2da156d08e289b14e87e43c1ae5
https://conda.anaconda.org/conda-forge/linux-64/lcms2-2.16-hb7c19ff_0.conda#51bb7010fc86f70eee639b4bb7a894f5
https://conda.anaconda.org/conda-forge/linux-64/libblas-3.9.0-22_linux64_openblas.conda#1a2a0cd3153464fee6646f3dd6dad9b8
https://conda.anaconda.org/conda-forge/linux-64/libcurl-8.8.0-hca28451_0.conda#f21c27f076a07907e70c49bb57bd0f20
https://conda.anaconda.org/conda-forge/noarch/locket-1.0.0-pyhd8ed1ab_0.tar.bz2#91e27ef3d05cc772ce627e51cff111c4
https://conda.anaconda.org/conda-forge/linux-64/lz4-4.3.3-py310h350c4a5_0.conda#943866d33b651ae9a3287e84383f6ddc
https://conda.anaconda.org/conda-forge/linux-64/markupsafe-2.1.5-py310h2372a71_0.conda#f6703fa0214a00bf49d1bef6dc7672d0
https://conda.anaconda.org/conda-forge/linux-64/msgpack-python-1.0.8-py310h25c7140_0.conda#ad681a3290620ca6196bcd46ed3101cd
https://conda.anaconda.org/conda-forge/linux-64/openjpeg-2.5.2-h488ebb8_0.conda#7f2e286780f072ed750df46dc2631138
https://conda.anaconda.org/conda-forge/linux-64/orc-2.0.1-h17fec99_1.conda#3bf65f0d8e7322a1cfe8b670fa35ec81
https://conda.anaconda.org/conda-forge/noarch/packaging-24.1-pyhd8ed1ab_0.conda#cbe1bb1f21567018ce595d9c2be0f0db
https://conda.anaconda.org/conda-forge/noarch/platformdirs-4.2.2-pyhd8ed1ab_0.conda#6f6cf28bf8e021933869bae3f84b8fc9
https://conda.anaconda.org/conda-forge/noarch/pluggy-1.5.0-pyhd8ed1ab_0.conda#d3483c8fc2dc2cc3f5cf43e26d60cabf
https://conda.anaconda.org/conda-forge/linux-64/psutil-5.9.8-py310h2372a71_0.conda#bd19b3096442ea342c4a5208379660b1
https://conda.anaconda.org/conda-forge/noarch/pycparser-2.22-pyhd8ed1ab_0.conda#844d9eb3b43095b031874477f7d70088
https://conda.anaconda.org/conda-forge/noarch/pysocks-1.7.1-pyha2e5f31_6.tar.bz2#2a7de29fb590ca14b5243c4c812c8025
https://conda.anaconda.org/conda-forge/noarch/python-tzdata-2024.1-pyhd8ed1ab_0.conda#98206ea9954216ee7540f0c773f2104d
https://conda.anaconda.org/conda-forge/noarch/pytz-2024.1-pyhd8ed1ab_0.conda#3eeeeb9e4827ace8c0c1419c85d590ad
https://conda.anaconda.org/conda-forge/linux-64/pyyaml-6.0.1-py310h2372a71_1.conda#bb010e368de4940771368bc3dc4c63e7
https://conda.anaconda.org/conda-forge/linux-64/re2-2023.09.01-h7f4b329_2.conda#8f70e36268dea8eb666ef14c29bd3cda
https://conda.anaconda.org/conda-forge/noarch/setuptools-70.0.0-pyhd8ed1ab_0.conda#c8ddb4f34a208df4dd42509a0f6a1c89
https://conda.anaconda.org/conda-forge/noarch/six-1.16.0-pyh6c4a22f_0.tar.bz2#e5f25f8dbc060e9a8d912e432202afc2
https://conda.anaconda.org/conda-forge/noarch/sortedcontainers-2.4.0-pyhd8ed1ab_0.tar.bz2#6d6552722448103793743dabfbda532d
https://conda.anaconda.org/conda-forge/noarch/tblib-3.0.0-pyhd8ed1ab_0.conda#04eedddeb68ad39871c8127dd1c21f4f
https://conda.anaconda.org/conda-forge/noarch/toml-0.10.2-pyhd8ed1ab_0.tar.bz2#f832c45a477c78bebd107098db465095
https://conda.anaconda.org/conda-forge/noarch/tomli-2.0.1-pyhd8ed1ab_0.tar.bz2#5844808ffab9ebdb694585b50ba02a96
https://conda.anaconda.org/conda-forge/noarch/toolz-0.12.1-pyhd8ed1ab_0.conda#2fcb582444635e2c402e8569bb94e039
https://conda.anaconda.org/conda-forge/linux-64/tornado-6.4.1-py310hc51659f_0.conda#c5a6aac4a1e0989986d9f06b3c2be2a0
https://conda.anaconda.org/conda-forge/noarch/typing_extensions-4.12.2-pyha770c72_0.conda#ebe6952715e1d5eb567eeebf25250fa7
https://conda.anaconda.org/conda-forge/noarch/wheel-0.43.0-pyhd8ed1ab_1.conda#0b5293a157c2b5cd513dd1b03d8d3aae
https://conda.anaconda.org/conda-forge/noarch/xyzservices-2024.6.0-pyhd8ed1ab_0.conda#de631703d59e40af41c56c4b4e2928ab
https://conda.anaconda.org/conda-forge/noarch/zict-3.0.0-pyhd8ed1ab_0.conda#cf30c2c15b82aacb07f9c09e28ff2275
https://conda.anaconda.org/conda-forge/noarch/zipp-3.19.2-pyhd8ed1ab_0.conda#49808e59df5535116f6878b2a820d6f4
https://conda.anaconda.org/conda-forge/linux-64/aws-c-auth-0.7.22-h9137712_5.conda#ea86de440f848596543ff58030e5272d
https://conda.anaconda.org/conda-forge/linux-64/aws-c-mqtt-0.10.4-hf85b563_6.conda#845ddce9934691f5c34ad13d7313ba29
https://conda.anaconda.org/conda-forge/linux-64/cffi-1.16.0-py310h2fee648_0.conda#45846a970e71ac98fd327da5d40a0a2c
https://conda.anaconda.org/conda-forge/linux-64/coverage-7.5.3-py310hc51659f_0.conda#4be0e55c0f724d339be3d4dc9dfc5752
https://conda.anaconda.org/conda-forge/linux-64/cytoolz-0.12.3-py310h2372a71_0.conda#21362970a6fea90ca507c253c20465f2
https://conda.anaconda.org/conda-forge/noarch/importlib-metadata-7.1.0-pyha770c72_0.conda#0896606848b2dc5cebdf111b6543aa04
https://conda.anaconda.org/conda-forge/noarch/jinja2-3.1.4-pyhd8ed1ab_0.conda#7b86ecb7d3557821c649b3c31e3eb9f2
https://conda.anaconda.org/conda-forge/linux-64/libcblas-3.9.0-22_linux64_openblas.conda#4b31699e0ec5de64d5896e580389c9a1
https://conda.anaconda.org/conda-forge/linux-64/libgrpc-1.62.2-h15f2491_0.conda#8dabe607748cb3d7002ad73cd06f1325
https://conda.anaconda.org/conda-forge/linux-64/liblapack-3.9.0-22_linux64_openblas.conda#b083767b6c877e24ee597d93b87ab838
https://conda.anaconda.org/conda-forge/noarch/nodeenv-1.9.1-pyhd8ed1ab_0.conda#dfe0528d0f1c16c1f7c528ea5536ab30
https://conda.anaconda.org/conda-forge/noarch/partd-1.4.2-pyhd8ed1ab_0.conda#0badf9c54e24cecfb0ad2f99d680c163
https://conda.anaconda.org/conda-forge/linux-64/pillow-10.3.0-py310hf73ecf8_0.conda#1de56cf017dfd02aa84093206a0141a8
https://conda.anaconda.org/conda-forge/noarch/pip-24.0-pyhd8ed1ab_0.conda#f586ac1e56c8638b64f9c8122a7b8a67
https://conda.anaconda.org/conda-forge/noarch/pytest-8.2.2-pyhd8ed1ab_0.conda#0f3f49c22c7ef3a1195fa61dad3c43be
https://conda.anaconda.org/conda-forge/noarch/python-dateutil-2.9.0-pyhd8ed1ab_0.conda#2cf4264fffb9e6eff6031c5b6884d61c
https://conda.anaconda.org/conda-forge/noarch/typing-extensions-4.12.2-hd8ed1ab_0.conda#52d648bd608f5737b123f510bb5514b5
https://conda.anaconda.org/conda-forge/noarch/urllib3-2.2.1-pyhd8ed1ab_0.conda#08807a87fa7af10754d46f63b368e016
https://conda.anaconda.org/conda-forge/noarch/virtualenv-20.26.2-pyhd8ed1ab_0.conda#7d36e7a485ea2f5829408813bdbbfb38
https://conda.anaconda.org/conda-forge/linux-64/aws-c-s3-0.5.10-h679ed35_3.conda#8cb40f80d08389f6aaf68cf86581ed02
https://conda.anaconda.org/conda-forge/noarch/importlib_metadata-7.1.0-hd8ed1ab_0.conda#6ef2b72d291b39e479d7694efa2b2b98
https://conda.anaconda.org/conda-forge/linux-64/libgoogle-cloud-2.25.0-h2736e30_0.conda#1bbc13a65b92eafde06dbdf0ef3658cd
https://conda.anaconda.org/conda-forge/linux-64/numpy-1.26.4-py310hb13e2d6_0.conda#6593de64c935768b6bad3e19b3e978be
https://conda.anaconda.org/conda-forge/noarch/pytest-cov-5.0.0-pyhd8ed1ab_0.conda#c54c0107057d67ddf077751339ec2c63
https://conda.anaconda.org/conda-forge/noarch/requests-2.32.3-pyhd8ed1ab_0.conda#5ede4753180c7a550a443c430dc8ab52
https://conda.anaconda.org/conda-forge/noarch/setuptools-scm-8.1.0-pyhd8ed1ab_0.conda#ba9f7f0ec4f2a18de3e7bce67c4a431e
https://conda.anaconda.org/conda-forge/linux-64/ukkonen-1.0.1-py310hd41b1e2_4.conda#35e87277fba9944b8a975113538bb5df
https://conda.anaconda.org/conda-forge/linux-64/aws-crt-cpp-0.26.12-h8bc9c4d_0.conda#ec9824a9e18425707af48d21820970f1
https://conda.anaconda.org/conda-forge/noarch/codecov-2.1.13-pyhd8ed1ab_0.conda#2cc61ba1dd53f0806247333f1294e058
https://conda.anaconda.org/conda-forge/linux-64/contourpy-1.2.1-py310hd41b1e2_0.conda#60ee50b1968f802f2a487ba36d4cce0d
https://conda.anaconda.org/conda-forge/noarch/dask-core-2024.6.0-pyhd8ed1ab_0.conda#edf709967712b2953ab4189256266adc
https://conda.anaconda.org/conda-forge/noarch/identify-2.5.36-pyhd8ed1ab_0.conda#ba68cb5105760379432cebc82b45af40
https://conda.anaconda.org/conda-forge/linux-64/libgoogle-cloud-storage-2.25.0-h3d9a0c8_0.conda#5e3f7cfcfd74065847da8f8598ff81d3
https://conda.anaconda.org/conda-forge/linux-64/pandas-2.2.2-py310hf9f9076_1.conda#18100768350158f1795ab9ad7d06d5ca
https://conda.anaconda.org/conda-forge/linux-64/aws-sdk-cpp-1.11.329-hf74b5d1_5.conda#3d82493d6b434cc47fc9302f3cc11a09
https://conda.anaconda.org/conda-forge/noarch/bokeh-3.4.1-pyhd8ed1ab_0.conda#0f8e0831bbf38d83973438ce9af9af9a
https://conda.anaconda.org/conda-forge/noarch/distributed-2024.6.0-pyhd8ed1ab_0.conda#fc8c9391ef25c481d768967db027dfc0
https://conda.anaconda.org/conda-forge/noarch/pre-commit-3.7.1-pyha770c72_0.conda#724bc4489c1174fc8e3233b0624fa51f
https://conda.anaconda.org/conda-forge/linux-64/libarrow-16.1.0-h9102155_9_cpu.conda#b0b7ce228075d1411a2ccb7e21f1b122
https://conda.anaconda.org/conda-forge/linux-64/libarrow-acero-16.1.0-hac33072_9_cpu.conda#e5c246be982ab7cc133b93870b264a25
https://conda.anaconda.org/conda-forge/linux-64/libparquet-16.1.0-h6a7eafb_9_cpu.conda#4b42538e4ec9092564866d22d1120bf4
https://conda.anaconda.org/conda-forge/linux-64/pyarrow-core-16.1.0-py310h46b3431_3_cpu.conda#7a6a532b063611129f660556cc5d4f9e
https://conda.anaconda.org/conda-forge/linux-64/libarrow-dataset-16.1.0-hac33072_9_cpu.conda#45960fd843ea7b95d907e8aa1f49337d
https://conda.anaconda.org/conda-forge/linux-64/libarrow-substrait-16.1.0-h7e0c224_9_cpu.conda#b1cebbb3160bbafc6cbf7eb79354f32a
https://conda.anaconda.org/conda-forge/linux-64/pyarrow-16.1.0-py310hb7f781d_3.conda#6e6243cd0c2804b23ccdf6d0635a6fbf
https://conda.anaconda.org/conda-forge/noarch/dask-expr-1.1.3-pyhd8ed1ab_0.conda#2b2b28ff641f91527fac96dfb0a8ea9a
https://conda.anaconda.org/conda-forge/noarch/pyarrow-hotfix-0.6-pyhd8ed1ab_0.conda#ccc06e6ef2064ae129fab3286299abda
https://conda.anaconda.org/conda-forge/noarch/dask-2024.6.0-pyhd8ed1ab_0.conda#706801e668da4c74e7a06a911d5abdfd
