# Generated by conda-lock.
# platform: linux-64
# input_hash: 5eb895f761d8467335af187d0f82e8e7ce8526508ac353fb0ca4a2a965287597
@EXPLICIT
https://conda.anaconda.org/conda-forge/linux-64/_libgcc_mutex-0.1-conda_forge.tar.bz2#d7c89558ba9fa0495403155b64376d81
https://conda.anaconda.org/conda-forge/linux-64/ca-certificates-2023.7.22-hbcca054_0.conda#a73ecd2988327ad4c8f2c331482917f2
https://conda.anaconda.org/conda-forge/linux-64/ld_impl_linux-64-2.40-h41732ed_0.conda#7aca3059a1729aa76c597603f10b0dd3
https://conda.anaconda.org/conda-forge/linux-64/libstdcxx-ng-13.2.0-h7e041cc_2.conda#9172c297304f2a20134fc56c97fbe229
https://conda.anaconda.org/conda-forge/linux-64/python_abi-3.9-4_cp39.conda#bfe4b3259a8ac6cdf0037752904da6a7
https://conda.anaconda.org/conda-forge/noarch/tzdata-2023c-h71feb2d_0.conda#939e3e74d8be4dac89ce83b20de2492a
https://conda.anaconda.org/conda-forge/linux-64/libgomp-13.2.0-h807b86a_2.conda#e2042154faafe61969556f28bade94b9
https://conda.anaconda.org/conda-forge/linux-64/_openmp_mutex-4.5-2_gnu.tar.bz2#73aaf86a425cc6e73fcf236a5a46396d
https://conda.anaconda.org/conda-forge/linux-64/libgcc-ng-13.2.0-h807b86a_2.conda#c28003b0be0494f9a7664389146716ff
https://conda.anaconda.org/conda-forge/linux-64/aws-c-common-0.9.3-hd590300_0.conda#434466e97a4174b0c4de114eb7100550
https://conda.anaconda.org/conda-forge/linux-64/bzip2-1.0.8-h7f98852_4.tar.bz2#a1fd65c7ccbf10880423d82bca54eb54
https://conda.anaconda.org/conda-forge/linux-64/c-ares-1.20.1-hd590300_0.conda#6642e4faa4804be3a0e7edfefbd16595
https://conda.anaconda.org/conda-forge/linux-64/gflags-2.2.2-he1b5a44_1004.tar.bz2#cddaf2c63ea4a5901cf09524c490ecdc
https://conda.anaconda.org/conda-forge/linux-64/keyutils-1.6.1-h166bdaf_0.tar.bz2#30186d27e2c9fa62b45fb1476b7200e3
https://conda.anaconda.org/conda-forge/linux-64/lerc-4.0.0-h27087fc_0.tar.bz2#76bbff344f0134279f225174e9064c8f
https://conda.anaconda.org/conda-forge/linux-64/libabseil-20230802.1-cxx17_h59595ed_0.conda#2785ddf4cb0e7e743477991d64353947
https://conda.anaconda.org/conda-forge/linux-64/libbrotlicommon-1.1.0-hd590300_1.conda#aec6c91c7371c26392a06708a73c70e5
https://conda.anaconda.org/conda-forge/linux-64/libcrc32c-1.1.2-h9c3ff4c_0.tar.bz2#c965a5aa0d5c1c37ffc62dff36e28400
https://conda.anaconda.org/conda-forge/linux-64/libdeflate-1.19-hd590300_0.conda#1635570038840ee3f9c71d22aa5b8b6d
https://conda.anaconda.org/conda-forge/linux-64/libev-4.33-h516909a_1.tar.bz2#6f8720dff19e17ce5d48cfe7f3d2f0a3
https://conda.anaconda.org/conda-forge/linux-64/libffi-3.4.2-h7f98852_5.tar.bz2#d645c6d2ac96843a2bfaccd2d62b3ac3
https://conda.anaconda.org/conda-forge/linux-64/libgfortran5-13.2.0-ha4646dd_2.conda#78fdab09d9138851dde2b5fe2a11019e
https://conda.anaconda.org/conda-forge/linux-64/libjpeg-turbo-3.0.0-hd590300_1.conda#ea25936bb4080d843790b586850f82b8
https://conda.anaconda.org/conda-forge/linux-64/libnsl-2.0.1-hd590300_0.conda#30fd6e37fe21f86f4bd26d6ee73eeec7
https://conda.anaconda.org/conda-forge/linux-64/libnuma-2.0.16-h0b41bf4_1.conda#28bfe2cb11357ccc5be21101a6b7ce86
https://conda.anaconda.org/conda-forge/linux-64/libutf8proc-2.8.0-h166bdaf_0.tar.bz2#ede4266dc02e875fe1ea77b25dd43747
https://conda.anaconda.org/conda-forge/linux-64/libuuid-2.38.1-h0b41bf4_0.conda#40b61aab5c7ba9ff276c41cfffe6b80b
https://conda.anaconda.org/conda-forge/linux-64/libwebp-base-1.3.2-hd590300_0.conda#30de3fd9b3b602f7473f30e684eeea8c
https://conda.anaconda.org/conda-forge/linux-64/libzlib-1.2.13-hd590300_5.conda#f36c115f1ee199da648e0597ec2047ad
https://conda.anaconda.org/conda-forge/linux-64/lz4-c-1.9.4-hcb278e6_0.conda#318b08df404f9c9be5712aaa5a6f0bb0
https://conda.anaconda.org/conda-forge/linux-64/ncurses-6.4-hcb278e6_0.conda#681105bccc2a3f7f1a837d47d39c9179
https://conda.anaconda.org/conda-forge/linux-64/openssl-3.1.3-hd590300_0.conda#7bb88ce04c8deb9f7d763ae04a1da72f
https://conda.anaconda.org/conda-forge/linux-64/pthread-stubs-0.4-h36c2ea0_1001.tar.bz2#22dad4df6e8630e8dff2428f6f6a7036
https://conda.anaconda.org/conda-forge/linux-64/rdma-core-28.9-h59595ed_1.conda#aeffb7c06b5f65e55e6c637408dc4100
https://conda.anaconda.org/conda-forge/linux-64/snappy-1.1.10-h9fff704_0.conda#e6d228cd0bb74a51dd18f5bfce0b4115
https://conda.anaconda.org/conda-forge/linux-64/xorg-libxau-1.0.11-hd590300_0.conda#2c80dc38fface310c9bd81b17037fee5
https://conda.anaconda.org/conda-forge/linux-64/xorg-libxdmcp-1.1.3-h7f98852_0.tar.bz2#be93aabceefa2fac576e971aef407908
https://conda.anaconda.org/conda-forge/linux-64/xz-5.2.6-h166bdaf_0.tar.bz2#2161070d867d1b1204ea749c8eec4ef0
https://conda.anaconda.org/conda-forge/linux-64/yaml-0.2.5-h7f98852_2.tar.bz2#4cb3ad778ec2d5a7acbdf254eb1c42ae
https://conda.anaconda.org/conda-forge/linux-64/aws-c-cal-0.6.6-h09139f6_0.conda#289ae014f49bb39e5e0aae277b88dbfe
https://conda.anaconda.org/conda-forge/linux-64/aws-c-compression-0.2.17-h184a658_3.conda#c62775b5028b5a4eda25037f9af7f5b3
https://conda.anaconda.org/conda-forge/linux-64/aws-c-sdkutils-0.1.12-h184a658_2.conda#ba06d81b81ec3eaf4ee83cd47f808134
https://conda.anaconda.org/conda-forge/linux-64/aws-checksums-0.1.17-h184a658_2.conda#10fcdbd02ba7fa0827fb8f7d94f8375b
https://conda.anaconda.org/conda-forge/linux-64/glog-0.6.0-h6f12383_0.tar.bz2#b31f3565cb84435407594e548a2fb7b2
https://conda.anaconda.org/conda-forge/linux-64/libbrotlidec-1.1.0-hd590300_1.conda#f07002e225d7a60a694d42a7bf5ff53f
https://conda.anaconda.org/conda-forge/linux-64/libbrotlienc-1.1.0-hd590300_1.conda#5fc11c6020d421960607d821310fcd4d
https://conda.anaconda.org/conda-forge/linux-64/libedit-3.1.20191231-he28a2e2_2.tar.bz2#4d331e44109e3f0e19b4cb8f9b82f3e1
https://conda.anaconda.org/conda-forge/linux-64/libevent-2.1.12-hf998b51_1.conda#a1cfcc585f0c42bf8d5546bb1dfb668d
https://conda.anaconda.org/conda-forge/linux-64/libgfortran-ng-13.2.0-h69a702a_2.conda#e75a75a6eaf6f318dae2631158c46575
https://conda.anaconda.org/conda-forge/linux-64/libnghttp2-1.52.0-h61bc06f_0.conda#613955a50485812985c059e7b269f42e
https://conda.anaconda.org/conda-forge/linux-64/libpng-1.6.39-h753d276_0.conda#e1c890aebdebbfbf87e2c917187b4416
https://conda.anaconda.org/conda-forge/linux-64/libprotobuf-4.24.3-hf27288f_1.conda#5097789a2bc83e697d7509df57f25bfd
https://conda.anaconda.org/conda-forge/linux-64/libre2-11-2023.06.02-h7a70373_0.conda#c0e7eacd9694db3ef5ef2979a7deea70
https://conda.anaconda.org/conda-forge/linux-64/libsqlite-3.43.2-h2797004_0.conda#4b441a1ee22397d5a27dc1126b849edd
https://conda.anaconda.org/conda-forge/linux-64/libssh2-1.11.0-h0841786_0.conda#1f5a58e686b13bcfde88b93f547d23fe
https://conda.anaconda.org/conda-forge/linux-64/libxcb-1.15-h0b41bf4_0.conda#33277193f5b92bad9fdd230eb700929c
https://conda.anaconda.org/conda-forge/linux-64/readline-8.2-h8228510_1.conda#47d31b792659ce70f470b5c82fdfb7a4
https://conda.anaconda.org/conda-forge/linux-64/s2n-1.3.54-h06160fa_0.conda#149520612b92991a7de6f17550a19739
https://conda.anaconda.org/conda-forge/linux-64/tk-8.6.13-h2797004_0.conda#513336054f884f95d9fd925748f41ef3
https://conda.anaconda.org/conda-forge/linux-64/ucx-1.15.0-h64cca9d_0.conda#b35b1f1a9fdbf93266c91f297dc9060e
https://conda.anaconda.org/conda-forge/linux-64/zstd-1.5.5-hfc55251_0.conda#04b88013080254850d6c01ed54810589
https://conda.anaconda.org/conda-forge/linux-64/aws-c-io-0.13.35-hc1ea125_1.conda#11e5683c74d07b2a3e90ddb7ac55e2e0
https://conda.anaconda.org/conda-forge/linux-64/freetype-2.12.1-h267a509_2.conda#9ae35c3d96db2c94ce0cef86efdfa2cb
https://conda.anaconda.org/conda-forge/linux-64/krb5-1.21.2-h659d440_0.conda#cd95826dbd331ed1be26bdf401432844
https://conda.anaconda.org/conda-forge/linux-64/libopenblas-0.3.24-pthreads_h413a1c8_0.conda#6e4ef6ca28655124dcde9bd500e44c32
https://conda.anaconda.org/conda-forge/linux-64/libthrift-0.19.0-hb90f79a_1.conda#8cdb7d41faa0260875ba92414c487e2d
https://conda.anaconda.org/conda-forge/linux-64/libtiff-4.6.0-ha9c0a0a_2.conda#55ed21669b2015f77c180feb1dd41930
https://conda.anaconda.org/conda-forge/linux-64/orc-1.9.0-h208142c_3.conda#f983ae19192439116ca5b5589560f167
https://conda.anaconda.org/conda-forge/linux-64/python-3.9.18-h0755675_0_cpython.conda#3ede353bc605068d9677e700b1847382
https://conda.anaconda.org/conda-forge/linux-64/re2-2023.06.02-h2873b5e_0.conda#bb2d5e593ef13fe4aff0bc9440f945ae
https://conda.anaconda.org/conda-forge/linux-64/aws-c-event-stream-0.3.2-h24cd7f8_3.conda#031e5cce5b151ccd3cb8d101900246d7
https://conda.anaconda.org/conda-forge/linux-64/aws-c-http-0.7.13-h0561a52_5.conda#ebcdf12a0994c154076a4f0d40ae514c
https://conda.anaconda.org/conda-forge/linux-64/brotli-python-1.1.0-py39h3d6467e_1.conda#c48418c8b35f1d59ae9ae1174812b40a
https://conda.anaconda.org/conda-forge/noarch/certifi-2023.7.22-pyhd8ed1ab_0.conda#7f3dbc9179b4dde7da98dfb151d0ad22
https://conda.anaconda.org/conda-forge/noarch/cfgv-3.3.1-pyhd8ed1ab_0.tar.bz2#ebb5f5f7dc4f1a3780ef7ea7738db08c
https://conda.anaconda.org/conda-forge/noarch/charset-normalizer-3.3.0-pyhd8ed1ab_0.conda#fef8ef5f0a54546b9efee39468229917
https://conda.anaconda.org/conda-forge/noarch/click-8.1.7-unix_pyh707e725_0.conda#f3ad426304898027fc619827ff428eca
https://conda.anaconda.org/conda-forge/noarch/cloudpickle-3.0.0-pyhd8ed1ab_0.conda#753d29fe41bb881e4b9c004f0abf973f
https://conda.anaconda.org/conda-forge/noarch/colorama-0.4.6-pyhd8ed1ab_0.tar.bz2#3faab06a954c2a04039983f2c4a50d99
https://conda.anaconda.org/conda-forge/linux-64/cython-3.0.4-py39h3d6467e_0.conda#993291d01bb80e1e559c55d2b55972b4
https://conda.anaconda.org/conda-forge/noarch/distlib-0.3.7-pyhd8ed1ab_0.conda#12d8aae6994f342618443a8f05c652a0
https://conda.anaconda.org/conda-forge/noarch/exceptiongroup-1.1.3-pyhd8ed1ab_0.conda#e6518222753f519e911e83136d2158d9
https://conda.anaconda.org/conda-forge/noarch/filelock-3.12.4-pyhd8ed1ab_0.conda#5173d4b8267a0699a43d73231e0b6596
https://conda.anaconda.org/conda-forge/noarch/fsspec-2023.9.2-pyh1a96a4e_0.conda#9d15cd3a0e944594ab528da37dc72ecc
https://conda.anaconda.org/conda-forge/noarch/idna-3.4-pyhd8ed1ab_0.tar.bz2#34272b248891bddccc64479f9a7fffed
https://conda.anaconda.org/conda-forge/noarch/iniconfig-2.0.0-pyhd8ed1ab_0.conda#f800d2da156d08e289b14e87e43c1ae5
https://conda.anaconda.org/conda-forge/linux-64/lcms2-2.15-hb7c19ff_3.conda#e96637dd92c5f340215c753a5c9a22d7
https://conda.anaconda.org/conda-forge/linux-64/libblas-3.9.0-19_linux64_openblas.conda#420f4e9be59d0dc9133a0f43f7bab3f3
https://conda.anaconda.org/conda-forge/linux-64/libcurl-8.4.0-hca28451_0.conda#1158ac1d2613b28685644931f11ee807
https://conda.anaconda.org/conda-forge/linux-64/libgrpc-1.58.1-he06187c_2.conda#42f5e2ba0d41ba270afd3eb5c725ccf5
https://conda.anaconda.org/conda-forge/noarch/locket-1.0.0-pyhd8ed1ab_0.tar.bz2#91e27ef3d05cc772ce627e51cff111c4
https://conda.anaconda.org/conda-forge/linux-64/lz4-4.3.2-py39h79d96da_1.conda#098feecfa5d91726caf654b67c9e7190
https://conda.anaconda.org/conda-forge/linux-64/markupsafe-2.1.3-py39hd1e30aa_1.conda#ee2b4665b852ec6ff2758f3c1b91233d
https://conda.anaconda.org/conda-forge/linux-64/msgpack-python-1.0.6-py39h7633fee_0.conda#e39816a8abd539079a9d0b3c9045b2cb
https://conda.anaconda.org/conda-forge/linux-64/openjpeg-2.5.0-h488ebb8_3.conda#128c25b7fe6a25286a48f3a6a9b5b6f3
https://conda.anaconda.org/conda-forge/noarch/packaging-23.2-pyhd8ed1ab_0.conda#79002079284aa895f883c6b7f3f88fd6
https://conda.anaconda.org/conda-forge/noarch/pluggy-1.3.0-pyhd8ed1ab_0.conda#2390bd10bed1f3fdc7a537fb5a447d8d
https://conda.anaconda.org/conda-forge/linux-64/psutil-5.9.5-py39hd1e30aa_1.conda#c2e412b0f11e5983bcfc35d9beb91ecb
https://conda.anaconda.org/conda-forge/noarch/pycparser-2.21-pyhd8ed1ab_0.tar.bz2#076becd9e05608f8dc72757d5f3a91ff
https://conda.anaconda.org/conda-forge/noarch/pysocks-1.7.1-pyha2e5f31_6.tar.bz2#2a7de29fb590ca14b5243c4c812c8025
https://conda.anaconda.org/conda-forge/noarch/python-tzdata-2023.3-pyhd8ed1ab_0.conda#2590495f608a63625e165915fb4e2e34
https://conda.anaconda.org/conda-forge/noarch/pytz-2023.3.post1-pyhd8ed1ab_0.conda#c93346b446cd08c169d843ae5fc0da97
https://conda.anaconda.org/conda-forge/linux-64/pyyaml-6.0.1-py39hd1e30aa_1.conda#37218233bcdc310e4fde6453bc1b40d8
https://conda.anaconda.org/conda-forge/noarch/setuptools-68.2.2-pyhd8ed1ab_0.conda#fc2166155db840c634a1291a5c35a709
https://conda.anaconda.org/conda-forge/noarch/six-1.16.0-pyh6c4a22f_0.tar.bz2#e5f25f8dbc060e9a8d912e432202afc2
https://conda.anaconda.org/conda-forge/noarch/sortedcontainers-2.4.0-pyhd8ed1ab_0.tar.bz2#6d6552722448103793743dabfbda532d
https://conda.anaconda.org/conda-forge/noarch/tblib-2.0.0-pyhd8ed1ab_0.conda#f5580336fe091d46f9a2ea97da044550
https://conda.anaconda.org/conda-forge/noarch/toml-0.10.2-pyhd8ed1ab_0.tar.bz2#f832c45a477c78bebd107098db465095
https://conda.anaconda.org/conda-forge/noarch/tomli-2.0.1-pyhd8ed1ab_0.tar.bz2#5844808ffab9ebdb694585b50ba02a96
https://conda.anaconda.org/conda-forge/noarch/toolz-0.12.0-pyhd8ed1ab_0.tar.bz2#92facfec94bc02d6ccf42e7173831a36
https://conda.anaconda.org/conda-forge/linux-64/tornado-6.3.3-py39hd1e30aa_1.conda#cbe186eefb0bcd91e8f47c3908489874
https://conda.anaconda.org/conda-forge/noarch/typing_extensions-4.8.0-pyha770c72_0.conda#5b1be40a26d10a06f6d4f1f9e19fa0c7
https://conda.anaconda.org/conda-forge/noarch/wheel-0.41.2-pyhd8ed1ab_0.conda#1ccd092478b3e0ee10d7a891adbf8a4f
https://conda.anaconda.org/conda-forge/noarch/xyzservices-2023.10.0-pyhd8ed1ab_0.conda#9c6fe7db9c9133ade38b9a5011103243
https://conda.anaconda.org/conda-forge/noarch/zict-3.0.0-pyhd8ed1ab_0.conda#cf30c2c15b82aacb07f9c09e28ff2275
https://conda.anaconda.org/conda-forge/noarch/zipp-3.17.0-pyhd8ed1ab_0.conda#2e4d6bc0b14e10f895fc6791a7d9b26a
https://conda.anaconda.org/conda-forge/linux-64/aws-c-auth-0.7.4-hdf831e0_4.conda#f2b788b963b846fbfc322787bc79fe4c
https://conda.anaconda.org/conda-forge/linux-64/aws-c-mqtt-0.9.7-h6e0f915_1.conda#976997418755ab56d0cc3b4c93e10ebd
https://conda.anaconda.org/conda-forge/linux-64/cffi-1.16.0-py39h7a31438_0.conda#ac992767d7f8ed2cb27e71e78f0fb2d7
https://conda.anaconda.org/conda-forge/linux-64/coverage-7.3.2-py39hd1e30aa_0.conda#247a02e7fdc7049c6d1babdb7bca4aaa
https://conda.anaconda.org/conda-forge/linux-64/cytoolz-0.12.2-py39hd1e30aa_1.conda#e5b62f0c1f96413116f16d33973f1a44
https://conda.anaconda.org/conda-forge/noarch/importlib-metadata-6.8.0-pyha770c72_0.conda#4e9f59a060c3be52bc4ddc46ee9b6946
https://conda.anaconda.org/conda-forge/noarch/jinja2-3.1.2-pyhd8ed1ab_1.tar.bz2#c8490ed5c70966d232fdd389d0dbed37
https://conda.anaconda.org/conda-forge/linux-64/libcblas-3.9.0-19_linux64_openblas.conda#d12374af44575413fbbd4a217d46ea33
https://conda.anaconda.org/conda-forge/linux-64/libgoogle-cloud-2.12.0-h19a6dae_3.conda#cb26f6b7184480053106ea4713a52daf
https://conda.anaconda.org/conda-forge/linux-64/liblapack-3.9.0-19_linux64_openblas.conda#9f100edf65436e3eabc2a51fc00b2c37
https://conda.anaconda.org/conda-forge/noarch/nodeenv-1.8.0-pyhd8ed1ab_0.conda#2a75b296096adabbabadd5e9782e5fcc
https://conda.anaconda.org/conda-forge/noarch/partd-1.4.1-pyhd8ed1ab_0.conda#acf4b7c0bcd5fa3b0e05801c4d2accd6
https://conda.anaconda.org/conda-forge/linux-64/pillow-10.1.0-py39had0adad_0.conda#eeaa413fddccecb2ab7f747bdb55b07f
https://conda.anaconda.org/conda-forge/noarch/pip-23.3-pyhd8ed1ab_0.conda#a06f102f59c8e3bb8b3e46e71c384709
https://conda.anaconda.org/conda-forge/noarch/pytest-7.4.2-pyhd8ed1ab_0.conda#6dd662ff5ac9a783e5c940ce9f3fe649
https://conda.anaconda.org/conda-forge/noarch/python-dateutil-2.8.2-pyhd8ed1ab_0.tar.bz2#dd999d1cc9f79e67dbb855c8924c7984
https://conda.anaconda.org/conda-forge/noarch/typing-extensions-4.8.0-hd8ed1ab_0.conda#384462e63262a527bda564fa2d9126c0
https://conda.anaconda.org/conda-forge/noarch/urllib3-2.0.7-pyhd8ed1ab_0.conda#270e71c14d37074b1d066ee21cf0c4a6
https://conda.anaconda.org/conda-forge/linux-64/aws-c-s3-0.3.18-hd871755_2.conda#dd4fc5bb1ec65369c6291e0a311bb31d
https://conda.anaconda.org/conda-forge/noarch/importlib_metadata-6.8.0-hd8ed1ab_0.conda#b279b07ce18058034e5b3606ba103a8b
https://conda.anaconda.org/conda-forge/linux-64/numpy-1.26.0-py39h474f0d3_0.conda#62f1d2e05327bf62728afa448f2a9261
https://conda.anaconda.org/conda-forge/noarch/platformdirs-3.11.0-pyhd8ed1ab_0.conda#8f567c0a74aa44cf732f15773b4083b0
https://conda.anaconda.org/conda-forge/noarch/pytest-cov-4.1.0-pyhd8ed1ab_0.conda#06eb685a3a0b146347a58dda979485da
https://conda.anaconda.org/conda-forge/noarch/requests-2.31.0-pyhd8ed1ab_0.conda#a30144e4156cdbb236f99ebb49828f8b
https://conda.anaconda.org/conda-forge/noarch/setuptools-scm-8.0.4-pyhd8ed1ab_0.conda#3b8ef3a2d80f3d89d0ae7e3c975e6c57
https://conda.anaconda.org/conda-forge/linux-64/ukkonen-1.0.1-py39h7633fee_4.conda#b66595fbda99771266f042f42c7457be
https://conda.anaconda.org/conda-forge/linux-64/aws-crt-cpp-0.24.3-ha4d64e0_3.conda#14f07bbda88ce2f97b71c2f047ca76ad
https://conda.anaconda.org/conda-forge/noarch/codecov-2.1.13-pyhd8ed1ab_0.conda#2cc61ba1dd53f0806247333f1294e058
https://conda.anaconda.org/conda-forge/linux-64/contourpy-1.1.1-py39h7633fee_1.conda#33afb3357cd0d120ecb26778d37579e4
https://conda.anaconda.org/conda-forge/noarch/dask-core-2023.10.0-pyhd8ed1ab_0.conda#6b415b2cd4a106b8eb1632be126ede81
https://conda.anaconda.org/conda-forge/noarch/identify-2.5.30-pyhd8ed1ab_0.conda#b7a2e3bb89bda8c69839485c20aabadf
https://conda.anaconda.org/conda-forge/linux-64/pandas-2.1.1-py39hddac248_1.conda#f32809db710b8aac48fbc14c13058530
https://conda.anaconda.org/conda-forge/noarch/virtualenv-20.24.4-pyhd8ed1ab_0.conda#c3feaf947264a59a125e8c26e98c3c5a
https://conda.anaconda.org/conda-forge/linux-64/aws-sdk-cpp-1.11.182-h10f61e1_0.conda#bcdd6943a6be3aa15df3bfea9264e306
https://conda.anaconda.org/conda-forge/noarch/bokeh-3.3.0-pyhd8ed1ab_0.conda#5d6ff9d18f0b611a7dc131f4a7444c2e
https://conda.anaconda.org/conda-forge/noarch/distributed-2023.10.0-pyhd8ed1ab_0.conda#3ecca3ba0a497f06e697777464a2cae9
https://conda.anaconda.org/conda-forge/noarch/pre-commit-3.5.0-pyha770c72_0.conda#964e3d762e427661c59263435a14c492
https://conda.anaconda.org/conda-forge/linux-64/libarrow-13.0.0-he1fec18_11_cpu.conda#4bbdac31e0b1fb5299beb9b92f7abccd
https://conda.anaconda.org/conda-forge/linux-64/pyarrow-13.0.0-py39h6925388_11_cpu.conda#7d31759893c4e6f7add9aa4c8b9e76b6
https://conda.anaconda.org/conda-forge/noarch/dask-2023.10.0-pyhd8ed1ab_0.conda#0c85f5482dd283c2b9ca68d331edb471
